// !$*UTF8*$!
{
	archiveVersion = 1;
	classes = {
	};
	objectVersion = 46;
	objects = {

/* Begin PBXBuildFile section */
		AE65FE6D1EC5E0DE00A068C9 /* AppDelegate.swift in Sources */ = {isa = PBXBuildFile; fileRef = AE65FE6C1EC5E0DE00A068C9 /* AppDelegate.swift */; };
		AE65FE6F1EC5E0DE00A068C9 /* ViewController.swift in Sources */ = {isa = PBXBuildFile; fileRef = AE65FE6E1EC5E0DE00A068C9 /* ViewController.swift */; };
		AE65FE721EC5E0DE00A068C9 /* Main.storyboard in Resources */ = {isa = PBXBuildFile; fileRef = AE65FE701EC5E0DE00A068C9 /* Main.storyboard */; };
		AE65FE741EC5E0DE00A068C9 /* Assets.xcassets in Resources */ = {isa = PBXBuildFile; fileRef = AE65FE731EC5E0DE00A068C9 /* Assets.xcassets */; };
		AE65FE771EC5E0DE00A068C9 /* LaunchScreen.storyboard in Resources */ = {isa = PBXBuildFile; fileRef = AE65FE751EC5E0DE00A068C9 /* LaunchScreen.storyboard */; };
		AE65FE7F1EC5E11200A068C9 /* cat01.wav in Resources */ = {isa = PBXBuildFile; fileRef = AE65FE7E1EC5E11200A068C9 /* cat01.wav */; };
		AE65FE821EC5E19B00A068C9 /* AudioToolbox.framework in Frameworks */ = {isa = PBXBuildFile; fileRef = AE65FE811EC5E19B00A068C9 /* AudioToolbox.framework */; };
/* End PBXBuildFile section */

/* Begin PBXFileReference section */
		AE65FE691EC5E0DE00A068C9 /* AudioToolBoxModul.app */ = {isa = PBXFileReference; explicitFileType = wrapper.application; includeInIndex = 0; path = AudioToolBoxModul.app; sourceTree = BUILT_PRODUCTS_DIR; };
		AE65FE6C1EC5E0DE00A068C9 /* AppDelegate.swift */ = {isa = PBXFileReference; lastKnownFileType = sourcecode.swift; path = AppDelegate.swift; sourceTree = "<group>"; };
		AE65FE6E1EC5E0DE00A068C9 /* ViewController.swift */ = {isa = PBXFileReference; lastKnownFileType = sourcecode.swift; path = ViewController.swift; sourceTree = "<group>"; };
		AE65FE711EC5E0DE00A068C9 /* Base */ = {isa = PBXFileReference; lastKnownFileType = file.storyboard; name = Base; path = Base.lproj/Main.storyboard; sourceTree = "<group>"; };
		AE65FE731EC5E0DE00A068C9 /* Assets.xcassets */ = {isa = PBXFileReference; lastKnownFileType = folder.assetcatalog; path = Assets.xcassets; sourceTree = "<group>"; };
		AE65FE761EC5E0DE00A068C9 /* Base */ = {isa = PBXFileReference; lastKnownFileType = file.storyboard; name = Base; path = Base.lproj/LaunchScreen.storyboard; sourceTree = "<group>"; };
		AE65FE781EC5E0DE00A068C9 /* Info.plist */ = {isa = PBXFileReference; lastKnownFileType = text.plist.xml; path = Info.plist; sourceTree = "<group>"; };
		AE65FE7E1EC5E11200A068C9 /* cat01.wav */ = {isa = PBXFileReference; lastKnownFileType = audio.wav; path = cat01.wav; sourceTree = "<group>"; };
		AE65FE811EC5E19B00A068C9 /* AudioToolbox.framework */ = {isa = PBXFileReference; lastKnownFileType = wrapper.framework; name = AudioToolbox.framework; path = System/Library/Frameworks/AudioToolbox.framework; sourceTree = SDKROOT; };
/* End PBXFileReference section */

/* Begin PBXFrameworksBuildPhase section */
		AE65FE661EC5E0DE00A068C9 /* Frameworks */ = {
			isa = PBXFrameworksBuildPhase;
			buildActionMask = 2147483647;
			files = (
				AE65FE821EC5E19B00A068C9 /* AudioToolbox.framework in Frameworks */,
			);
			runOnlyForDeploymentPostprocessing = 0;
		};
/* End PBXFrameworksBuildPhase section */

/* Begin PBXGroup section */
		AE65FE601EC5E0DE00A068C9 = {
			isa = PBXGroup;
			children = (
				AE65FE6B1EC5E0DE00A068C9 /* AudioToolBoxModul */,
				AE65FE6A1EC5E0DE00A068C9 /* Products */,
				AE65FE801EC5E19B00A068C9 /* Frameworks */,
			);
			sourceTree = "<group>";
		};
		AE65FE6A1EC5E0DE00A068C9 /* Products */ = {
			isa = PBXGroup;
			children = (
				AE65FE691EC5E0DE00A068C9 /* AudioToolBoxModul.app */,
			);
			name = Products;
			sourceTree = "<group>";
		};
		AE65FE6B1EC5E0DE00A068C9 /* AudioToolBoxModul */ = {
			isa = PBXGroup;
			children = (
				AE65FE6C1EC5E0DE00A068C9 /* AppDelegate.swift */,
				AE65FE6E1EC5E0DE00A068C9 /* ViewController.swift */,
				AE65FE7E1EC5E11200A068C9 /* cat01.wav */,
				AE65FE701EC5E0DE00A068C9 /* Main.storyboard */,
				AE65FE731EC5E0DE00A068C9 /* Assets.xcassets */,
				AE65FE751EC5E0DE00A068C9 /* LaunchScreen.storyboard */,
				AE65FE781EC5E0DE00A068C9 /* Info.plist */,
			);
			path = AudioToolBoxModul;
			sourceTree = "<group>";
		};
		AE65FE801EC5E19B00A068C9 /* Frameworks */ = {
			isa = PBXGroup;
			children = (
				AE65FE811EC5E19B00A068C9 /* AudioToolbox.framework */,
			);
			name = Frameworks;
			sourceTree = "<group>";
		};
/* End PBXGroup section */

/* Begin PBXNativeTarget section */
		AE65FE681EC5E0DE00A068C9 /* AudioToolBoxModul */ = {
			isa = PBXNativeTarget;
			buildConfigurationList = AE65FE7B1EC5E0DE00A068C9 /* Build configuration list for PBXNativeTarget "AudioToolBoxModul" */;
			buildPhases = (
				AE65FE651EC5E0DE00A068C9 /* Sources */,
				AE65FE661EC5E0DE00A068C9 /* Frameworks */,
				AE65FE671EC5E0DE00A068C9 /* Resources */,
			);
			buildRules = (
			);
			dependencies = (
			);
			name = AudioToolBoxModul;
			productName = AudioToolBoxModul;
			productReference = AE65FE691EC5E0DE00A068C9 /* AudioToolBoxModul.app */;
			productType = "com.apple.product-type.application";
		};
/* End PBXNativeTarget section */

/* Begin PBXProject section */
		AE65FE611EC5E0DE00A068C9 /* Project object */ = {
			isa = PBXProject;
			attributes = {
				LastSwiftUpdateCheck = 0830;
				LastUpgradeCheck = 0830;
				ORGANIZATIONNAME = Gjun;
				TargetAttributes = {
					AE65FE681EC5E0DE00A068C9 = {
						CreatedOnToolsVersion = 8.3.2;
						DevelopmentTeam = JE3XA243B8;
						ProvisioningStyle = Automatic;
					};
				};
			};
			buildConfigurationList = AE65FE641EC5E0DE00A068C9 /* Build configuration list for PBXProject "AudioToolBoxModul" */;
			compatibilityVersion = "Xcode 3.2";
			developmentRegion = English;
			hasScannedForEncodings = 0;
			knownRegions = (
				en,
				Base,
			);
			mainGroup = AE65FE601EC5E0DE00A068C9;
			productRefGroup = AE65FE6A1EC5E0DE00A068C9 /* Products */;
			projectDirPath = "";
			projectRoot = "";
			targets = (
				AE65FE681EC5E0DE00A068C9 /* AudioToolBoxModul */,
			);
		};
/* End PBXProject section */

/* Begin PBXResourcesBuildPhase section */
		AE65FE671EC5E0DE00A068C9 /* Resources */ = {
			isa = PBXResourcesBuildPhase;
			buildActionMask = 2147483647;
			files = (
				AE65FE771EC5E0DE00A068C9 /* LaunchScreen.storyboard in Resources */,
				AE65FE741EC5E0DE00A068C9 /* Assets.xcassets in Resources */,
				AE65FE7F1EC5E11200A068C9 /* cat01.wav in Resources */,
				AE65FE721EC5E0DE00A068C9 /* Main.storyboard in Resources */,
			);
			runOnlyForDeploymentPostprocessing = 0;
		};
/* End PBXResourcesBuildPhase section */

/* Begin PBXSourcesBuildPhase section */
		AE65FE651EC5E0DE00A068C9 /* Sources */ = {
			isa = PBXSourcesBuildPhase;
			buildActionMask = 2147483647;
			files = (
				AE65FE6F1EC5E0DE00A068C9 /* ViewController.swift in Sources */,
				AE65FE6D1EC5E0DE00A068C9 /* AppDelegate.swift in Sources */,
			);
			runOnlyForDeploymentPostprocessing = 0;
		};
/* End PBXSourcesBuildPhase section */

/* Begin PBXVariantGroup section */
		AE65FE701EC5E0DE00A068C9 /* Main.storyboard */ = {
			isa = PBXVariantGroup;
			children = (
				AE65FE711EC5E0DE00A068C9 /* Base */,
			);
			name = Main.storyboard;
			sourceTree = "<group>";
		};
		AE65FE751EC5E0DE00A068C9 /* LaunchScreen.storyboard */ = {
			isa = PBXVariantGroup;
			children = (
				AE65FE761EC5E0DE00A068C9 /* Base */,
			);
			name = LaunchScreen.storyboard;
			sourceTree = "<group>";
		};
/* End PBXVariantGroup section */

/* Begin XCBuildConfiguration section */
		AE65FE791EC5E0DE00A068C9 /* Debug */ = {
			isa = XCBuildConfiguration;
			buildSettings = {
				ALWAYS_SEARCH_USER_PATHS = NO;
				CLANG_ANALYZER_NONNULL = YES;
				CLANG_ANALYZER_NUMBER_OBJECT_CONVERSION = YES_AGGRESSIVE;
				CLANG_CXX_LANGUAGE_STANDARD = "gnu++0x";
				CLANG_CXX_LIBRARY = "libc++";
				CLANG_ENABLE_MODULES = YES;
				CLANG_ENABLE_OBJC_ARC = YES;
				CLANG_WARN_BOOL_CONVERSION = YES;
				CLANG_WARN_CONSTANT_CONVERSION = YES;
				CLANG_WARN_DIRECT_OBJC_ISA_USAGE = YES_ERROR;
				CLANG_WARN_DOCUMENTATION_COMMENTS = YES;
				CLANG_WARN_EMPTY_BODY = YES;
				CLANG_WARN_ENUM_CONVERSION = YES;
				CLANG_WARN_INFINITE_RECURSION = YES;
				CLANG_WARN_INT_CONVERSION = YES;
				CLANG_WARN_OBJC_ROOT_CLASS = YES_ERROR;
				CLANG_WARN_SUSPICIOUS_MOVE = YES;
				CLANG_WARN_UNREACHABLE_CODE = YES;
				CLANG_WARN__DUPLICATE_METHOD_MATCH = YES;
				"CODE_SIGN_IDENTITY[sdk=iphoneos*]" = "iPhone Developer";
				COPY_PHASE_STRIP = NO;
				DEBUG_INFORMATION_FORMAT = dwarf;
				ENABLE_STRICT_OBJC_MSGSEND = YES;
				ENABLE_TESTABILITY = YES;
				GCC_C_LANGUAGE_STANDARD = gnu99;
				GCC_DYNAMIC_NO_PIC = NO;
				GCC_NO_COMMON_BLOCKS = YES;
				GCC_OPTIMIZATION_LEVEL = 0;
				GCC_PREPROCESSOR_DEFINITIONS = (
					"DEBUG=1",
					"$(inherited)",
				);
				GCC_WARN_64_TO_32_BIT_CONVERSION = YES;
				GCC_WARN_ABOUT_RETURN_TYPE = YES_ERROR;
				GCC_WARN_UNDECLARED_SELECTOR = YES;
				GCC_WARN_UNINITIALIZED_AUTOS = YES_AGGRESSIVE;
				GCC_WARN_UNUSED_FUNCTION = YES;
				GCC_WARN_UNUSED_VARIABLE = YES;
				IPHONEOS_DEPLOYMENT_TARGET = 10.3;
				MTL_ENABLE_DEBUG_INFO = YES;
				ONLY_ACTIVE_ARCH = YES;
				SDKROOT = iphoneos;
				SWIFT_ACTIVE_COMPILATION_CONDITIONS = DEBUG;
				SWIFT_OPTIMIZATION_LEVEL = "-Onone";
				TARGETED_DEVICE_FAMILY = "1,2";
			};
			name = Debug;
		};
		AE65FE7A1EC5E0DE00A068C9 /* Release */ = {
			isa = XCBuildConfiguration;
			buildSettings = {
				ALWAYS_SEARCH_USER_PATHS = NO;
				CLANG_ANALYZER_NONNULL = YES;
				CLANG_ANALYZER_NUMBER_OBJECT_CONVERSION = YES_AGGRESSIVE;
				CLANG_CXX_LANGUAGE_STANDARD = "gnu++0x";
				CLANG_CXX_LIBRARY = "libc++";
				CLANG_ENABLE_MODULES = YES;
				CLANG_ENABLE_OBJC_ARC = YES;
				CLANG_WARN_BOOL_CONVERSION = YES;
				CLANG_WARN_CONSTANT_CONVERSION = YES;
				CLANG_WARN_DIRECT_OBJC_ISA_USAGE = YES_ERROR;
				CLANG_WARN_DOCUMENTATION_COMMENTS = YES;
				CLANG_WARN_EMPTY_BODY = YES;
				CLANG_WARN_ENUM_CONVERSION = YES;
				CLANG_WARN_INFINITE_RECURSION = YES;
				CLANG_WARN_INT_CONVERSION = YES;
				CLANG_WARN_OBJC_ROOT_CLASS = YES_ERROR;
				CLANG_WARN_SUSPICIOUS_MOVE = YES;
				CLANG_WARN_UNREACHABLE_CODE = YES;
				CLANG_WARN__DUPLICATE_METHOD_MATCH = YES;
				"CODE_SIGN_IDENTITY[sdk=iphoneos*]" = "iPhone Developer";
				COPY_PHASE_STRIP = NO;
				DEBUG_INFORMATION_FORMAT = "dwarf-with-dsym";
				ENABLE_NS_ASSERTIONS = NO;
				ENABLE_STRICT_OBJC_MSGSEND = YES;
				GCC_C_LANGUAGE_STANDARD = gnu99;
				GCC_NO_COMMON_BLOCKS = YES;
				GCC_WARN_64_TO_32_BIT_CONVERSION = YES;
				GCC_WARN_ABOUT_RETURN_TYPE = YES_ERROR;
				GCC_WARN_UNDECLARED_SELECTOR = YES;
				GCC_WARN_UNINITIALIZED_AUTOS = YES_AGGRESSIVE;
				GCC_WARN_UNUSED_FUNCTION = YES;
				GCC_WARN_UNUSED_VARIABLE = YES;
				IPHONEOS_DEPLOYMENT_TARGET = 10.3;
				MTL_ENABLE_DEBUG_INFO = NO;
				SDKROOT = iphoneos;
				SWIFT_OPTIMIZATION_LEVEL = "-Owholemodule";
				TARGETED_DEVICE_FAMILY = "1,2";
				VALIDATE_PRODUCT = YES;
			};
			name = Release;
		};
		AE65FE7C1EC5E0DE00A068C9 /* Debug */ = {
			isa = XCBuildConfiguration;
			buildSettings = {
				ASSETCATALOG_COMPILER_APPICON_NAME = AppIcon;
				DEVELOPMENT_TEAM = JE3XA243B8;
				INFOPLIST_FILE = AudioToolBoxModul/Info.plist;
				IPHONEOS_DEPLOYMENT_TARGET = 10.0;
				LD_RUNPATH_SEARCH_PATHS = "$(inherited) @executable_path/Frameworks";
				PRODUCT_BUNDLE_IDENTIFIER = MasB1ue.AudioToolBoxModul;
				PRODUCT_NAME = "$(TARGET_NAME)";
				SWIFT_VERSION = 3.0;
			};
			name = Debug;
		};
		AE65FE7D1EC5E0DE00A068C9 /* Release */ = {
			isa = XCBuildConfiguration;
			buildSettings = {
				ASSETCATALOG_COMPILER_APPICON_NAME = AppIcon;
				DEVELOPMENT_TEAM = JE3XA243B8;
				INFOPLIST_FILE = AudioToolBoxModul/Info.plist;
				IPHONEOS_DEPLOYMENT_TARGET = 10.0;
				LD_RUNPATH_SEARCH_PATHS = "$(inherited) @executable_path/Frameworks";
				PRODUCT_BUNDLE_IDENTIFIER = MasB1ue.AudioToolBoxModul;
				PRODUCT_NAME = "$(TARGET_NAME)";
				SWIFT_VERSION = 3.0;
			};
			name = Release;
		};
/* End XCBuildConfiguration section */

/* Begin XCConfigurationList section */
		AE65FE641EC5E0DE00A068C9 /* Build configuration list for PBXProject "AudioToolBoxModul" */ = {
			isa = XCConfigurationList;
			buildConfigurations = (
				AE65FE791EC5E0DE00A068C9 /* Debug */,
				AE65FE7A1EC5E0DE00A068C9 /* Release */,
			);
			defaultConfigurationIsVisible = 0;
			defaultConfigurationName = Release;
		};
		AE65FE7B1EC5E0DE00A068C9 /* Build configuration list for PBXNativeTarget "AudioToolBoxModul" */ = {
			isa = XCConfigurationList;
			buildConfigurations = (
				AE65FE7C1EC5E0DE00A068C9 /* Debug */,
				AE65FE7D1EC5E0DE00A068C9 /* Release */,
			);
			defaultConfigurationIsVisible = 0;
			defaultConfigurationName = Release;
		};
/* End XCConfigurationList section */
	};
	rootObject = AE65FE611EC5E0DE00A068C9 /* Project object */;
}
